{
  "name": "retailq",
  "lockfileVersion": 3,
  "requires": true,
  "packages": {
    "": {
      "dependencies": {
        "date-fns": "^3.0.1"
      }
    },
    "node_modules/date-fns": {
      "version": "3.0.1",
      "resolved": "https://registry.npmjs.org/date-fns/-/date-fns-3.0.1.tgz",
      "integrity": "sha512-cr9igCUa0QSqgAMj7JOrYTY6Nh1rmyGrFDko7ADqfmaQqP/I2N4rlfrLl7AWuzDaoIpz6MNjoEcTPzgZYIrhnA==",
      "funding": {
        "type": "github",
        "url": "https://github.com/sponsors/kossnocorp"
      }
    }
  }
}
